
Microsoft Visual Studio Solution File, Format Version 12.00
# Visual Studio Version 17
VisualStudioVersion = 17.8.34408.163
MinimumVisualStudioVersion = 10.0.40219.1
Project("{FAE04EC0-301F-11D3-BF4B-00C04F79EFBC}") = "BaraoPsicologia.API", "BaraoPsicologia.API\BaraoPsicologia.API.csproj", "{B23F1954-BE8A-4E51-9F0B-350062189F6D}"
EndProject
Project("{FAE04EC0-301F-11D3-BF4B-00C04F79EFBC}") = "BaraoPsicologia.Application", "BaraoPsicologia.Application\BaraoPsicologia.Application.csproj", "{F461E4AE-B910-4BED-8EC1-16877F1E024B}"
EndProject
Project("{FAE04EC0-301F-11D3-BF4B-00C04F79EFBC}") = "BaraoPsicologia.Domain", "BaraoPsicologia.Domain\BaraoPsicologia.Domain.csproj", "{38425D8E-4687-40A0-95B0-C951CAF7DBB8}"
EndProject
Project("{FAE04EC0-301F-11D3-BF4B-00C04F79EFBC}") = "BaraoPsicologia.Infra", "BaraoPsicologia.Infra\BaraoPsicologia.Infra.csproj", "{9B961378-3365-4A67-882D-453510D0E9FE}"
EndProject
Global
	GlobalSection(SolutionConfigurationPlatforms) = preSolution
		Debug|Any CPU = Debug|Any CPU
		Release|Any CPU = Release|Any CPU
	EndGlobalSection
	GlobalSection(ProjectConfigurationPlatforms) = postSolution
		{B23F1954-BE8A-4E51-9F0B-350062189F6D}.Debug|Any CPU.ActiveCfg = Debug|Any CPU
		{B23F1954-BE8A-4E51-9F0B-350062189F6D}.Debug|Any CPU.Build.0 = Debug|Any CPU
		{B23F1954-BE8A-4E51-9F0B-350062189F6D}.Release|Any CPU.ActiveCfg = Release|Any CPU
		{B23F1954-BE8A-4E51-9F0B-350062189F6D}.Release|Any CPU.Build.0 = Release|Any CPU
		{F461E4AE-B910-4BED-8EC1-16877F1E024B}.Debug|Any CPU.ActiveCfg = Debug|Any CPU
		{F461E4AE-B910-4BED-8EC1-16877F1E024B}.Debug|Any CPU.Build.0 = Debug|Any CPU
		{F461E4AE-B910-4BED-8EC1-16877F1E024B}.Release|Any CPU.ActiveCfg = Release|Any CPU
		{F461E4AE-B910-4BED-8EC1-16877F1E024B}.Release|Any CPU.Build.0 = Release|Any CPU
		{38425D8E-4687-40A0-95B0-C951CAF7DBB8}.Debug|Any CPU.ActiveCfg = Debug|Any CPU
		{38425D8E-4687-40A0-95B0-C951CAF7DBB8}.Debug|Any CPU.Build.0 = Debug|Any CPU
		{38425D8E-4687-40A0-95B0-C951CAF7DBB8}.Release|Any CPU.ActiveCfg = Release|Any CPU
		{38425D8E-4687-40A0-95B0-C951CAF7DBB8}.Release|Any CPU.Build.0 = Release|Any CPU
		{9B961378-3365-4A67-882D-453510D0E9FE}.Debug|Any CPU.ActiveCfg = Debug|Any CPU
		{9B961378-3365-4A67-882D-453510D0E9FE}.Debug|Any CPU.Build.0 = Debug|Any CPU
		{9B961378-3365-4A67-882D-453510D0E9FE}.Release|Any CPU.ActiveCfg = Release|Any CPU
		{9B961378-3365-4A67-882D-453510D0E9FE}.Release|Any CPU.Build.0 = Release|Any CPU
	EndGlobalSection
	GlobalSection(SolutionProperties) = preSolution
		HideSolutionNode = FALSE
	EndGlobalSection
	GlobalSection(ExtensibilityGlobals) = postSolution
		SolutionGuid = {E343A12C-C8A6-4521-86D2-BDA1FD09728D}
	EndGlobalSection
EndGlobal
